
Microsoft Visual Studio Solution File, Format Version 12.00
# Visual Studio Version 17
VisualStudioVersion = 17.7.34031.279
MinimumVisualStudioVersion = 10.0.40219.1
Project("{FAE04EC0-301F-11D3-BF4B-00C04F79EFBC}") = "PQCDEMO", "PQCDEMO\PQCDEMO.csproj", "{B9E221D6-F1FB-47B4-8B1A-6B241019E014}"
EndProject
Global
	GlobalSection(SolutionConfigurationPlatforms) = preSolution
		Debug|Any CPU = Debug|Any CPU
		Release|Any CPU = Release|Any CPU
	EndGlobalSection
	GlobalSection(ProjectConfigurationPlatforms) = postSolution
		{B9E221D6-F1FB-47B4-8B1A-6B241019E014}.Debug|Any CPU.ActiveCfg = Debug|Any CPU
		{B9E221D6-F1FB-47B4-8B1A-6B241019E014}.Debug|Any CPU.Build.0 = Debug|Any CPU
		{B9E221D6-F1FB-47B4-8B1A-6B241019E014}.Release|Any CPU.ActiveCfg = Release|Any CPU
		{B9E221D6-F1FB-47B4-8B1A-6B241019E014}.Release|Any CPU.Build.0 = Release|Any CPU
	EndGlobalSection
	GlobalSection(SolutionProperties) = preSolution
		HideSolutionNode = FALSE
	EndGlobalSection
	GlobalSection(ExtensibilityGlobals) = postSolution
		SolutionGuid = {73DC4E21-4AAF-4E4C-9B02-ECC919BC4910}
	EndGlobalSection
EndGlobal
